{
    "_readme": [
        "This file locks the dependencies of your project to a known state",
        "Read more about it at https://getcomposer.org/doc/01-basic-usage.md#installing-dependencies",
        "This file is @generated automatically"
    ],
    "content-hash": "b7ac0a044b079d584a679dcf418b2955",
    "packages": [
        {
            "name": "benlumia007/backdrop",
            "version": "2.0.0",
            "source": {
                "type": "git",
                "url": "https://github.com/benlumia007/backdrop.git",
                "reference": "ad35152da0bda49002101c2e6378ecd48f31b52a"
            },
            "dist": {
                "type": "zip",
                "url": "https://api.github.com/repos/benlumia007/backdrop/zipball/ad35152da0bda49002101c2e6378ecd48f31b52a",
                "reference": "ad35152da0bda49002101c2e6378ecd48f31b52a",
                "shasum": ""
            },
            "require": {
                "benlumia007/backdrop-contracts": "^1.0",
                "php": ">=7.4"
            },
            "type": "library",
            "autoload": {
                "files": [
                    "src/functions-helpers.php"
                ],
                "psr-4": {
                    "Backdrop\\": "src/"
                }
            },
            "notification-url": "https://packagist.org/downloads/",
            "license": [
                "GPL-2.0-or-later"
            ],
            "authors": [
                {
                    "name": "Benjamin Lu",
                    "email": "benlumia007@gmail.com",
                    "homepage": "https://benjlu.com",
                    "role": "Developer"
                }
            ],
            "description": "A core that helps you build amazing themes",
            "homepage": "https://github.com/benlumia007/backdrop",
            "keywords": [
                "wordpress"
            ],
            "support": {
                "issues": "https://github.com/benlumia007/backdrop/issues",
                "source": "https://github.com/benlumia007/backdrop/tree/2.0.0"
            },
            "time": "2023-01-17T03:46:50+00:00"
        },
        {
            "name": "benlumia007/backdrop-contracts",
            "version": "1.0.0",
            "source": {
                "type": "git",
                "url": "https://github.com/benlumia007/backdrop-contracts.git",
                "reference": "eac919d47c6380f7006d9d3f47a01d8d239626eb"
            },
            "dist": {
                "type": "zip",
                "url": "https://api.github.com/repos/benlumia007/backdrop-contracts/zipball/eac919d47c6380f7006d9d3f47a01d8d239626eb",
                "reference": "eac919d47c6380f7006d9d3f47a01d8d239626eb",
                "shasum": ""
            },
            "require": {
                "php": ">=7.4"
            },
            "type": "library",
            "autoload": {
                "psr-4": {
                    "Backdrop\\Contracts\\": "src"
                }
            },
            "notification-url": "https://packagist.org/downloads/",
            "license": [
                "GPL-2.0-or-later"
            ],
            "authors": [
                {
                    "name": "Benjamin Lu",
                    "email": "benlumia007@gmail.com",
                    "homepage": "https://benjlu.com",
                    "role": "Developer"
                }
            ],
            "description": "Backdrop Contracts for Backdrop framework.",
            "homepage": "https://github.com/benlumia007/backdrop-contracts",
            "keywords": [
                "classicpress",
                "wordpress"
            ],
            "support": {
                "issues": "https://github.com/benlumia007/backdrop-contracts/issues",
                "source": "https://github.com/benlumia007/backdrop-contracts/tree/1.0.0"
            },
            "time": "2023-01-05T06:42:52+00:00"
        },
        {
            "name": "benlumia007/backdrop-customize",
            "version": "1.0.0",
            "source": {
                "type": "git",
                "url": "https://github.com/benlumia007/backdrop-customize.git",
                "reference": "dd78cd21db871d4c1a3352f316180cf8299e44be"
            },
            "dist": {
                "type": "zip",
                "url": "https://api.github.com/repos/benlumia007/backdrop-customize/zipball/dd78cd21db871d4c1a3352f316180cf8299e44be",
                "reference": "dd78cd21db871d4c1a3352f316180cf8299e44be",
                "shasum": ""
            },
            "require": {
                "benlumia007/backdrop": "^2.0",
                "php": ">=7.4"
            },
            "type": "library",
            "autoload": {
                "psr-4": {
                    "Benlumia007\\Backdrop\\Customize\\": "src/"
                }
            },
            "notification-url": "https://packagist.org/downloads/",
            "license": [
                "GPL-2.0-or-later"
            ],
            "authors": [
                {
                    "name": "Benjamin Lu",
                    "email": "benlumia007@gmail.com",
                    "homepage": "https://benjlu.com",
                    "role": "Developer"
                }
            ],
            "description": "A core that helps you build amazing themes",
            "homepage": "https://github.com/benlumia007/backdrop-customize",
            "keywords": [
                "wordpress"
            ],
            "support": {
                "issues": "https://github.com/benlumia007/backdrop-customize/issues",
                "source": "https://github.com/benlumia007/backdrop-customize/tree/1.0.0"
            },
            "time": "2023-01-17T03:57:00+00:00"
        },
        {
            "name": "benlumia007/backdrop-fontawesome",
            "version": "1.0.0",
            "source": {
                "type": "git",
                "url": "https://github.com/benlumia007/backdrop-fontawesome.git",
                "reference": "0588b4261054a01cf73fbdb386055e9bd34a7f12"
            },
            "dist": {
                "type": "zip",
                "url": "https://api.github.com/repos/benlumia007/backdrop-fontawesome/zipball/0588b4261054a01cf73fbdb386055e9bd34a7f12",
                "reference": "0588b4261054a01cf73fbdb386055e9bd34a7f12",
                "shasum": ""
            },
            "require": {
                "php": ">=7.4"
            },
            "type": "library",
            "autoload": {
                "psr-4": {
                    "Backdrop\\FontAwesome\\": "src/"
                }
            },
            "notification-url": "https://packagist.org/downloads/",
            "license": [
                "GPL-2.0-or-later"
            ],
            "authors": [
                {
                    "name": "Benjamin Lu",
                    "email": "benlumia007@gmail.com",
                    "homepage": "https://benjlu.com",
                    "role": "Developer"
                }
            ],
            "description": "A core that helps you build amazing themes",
            "homepage": "https://github.com/benlumia007/backdrop-fontawesome",
            "keywords": [
                "wordpress"
            ],
            "support": {
                "issues": "https://github.com/benlumia007/backdrop-fontawesome/issues",
                "source": "https://github.com/benlumia007/backdrop-fontawesome/tree/1.0.0"
            },
            "time": "2023-01-17T04:00:03+00:00"
        },
        {
            "name": "benlumia007/backdrop-fonts",
            "version": "1.0.0",
            "source": {
                "type": "git",
                "url": "https://github.com/benlumia007/backdrop-fonts.git",
                "reference": "271c093ebd1f5beaeb9a97e75b770f8c61d98d62"
            },
            "dist": {
                "type": "zip",
                "url": "https://api.github.com/repos/benlumia007/backdrop-fonts/zipball/271c093ebd1f5beaeb9a97e75b770f8c61d98d62",
                "reference": "271c093ebd1f5beaeb9a97e75b770f8c61d98d62",
                "shasum": ""
            },
            "require": {
                "benlumia007/backdrop": "^2.0",
                "php": ">=7.4"
            },
            "type": "library",
            "autoload": {
                "psr-4": {
                    "Backdrop\\Fonts\\": "src/"
                }
            },
            "notification-url": "https://packagist.org/downloads/",
            "license": [
                "GPL-2.0-or-later"
            ],
            "authors": [
                {
                    "name": "Benjamin Lu",
                    "email": "benlumia007@gmail.com",
                    "homepage": "https://benjlu.com",
                    "role": "Developer"
                }
            ],
            "description": "A core that helps you build amazing themes",
            "homepage": "https://github.com/benlumia007/backdrop-googlefonts",
            "keywords": [
                "wordpress"
            ],
            "support": {
                "issues": "https://github.com/benlumia007/backdrop-fonts/issues",
                "source": "https://github.com/benlumia007/backdrop-fonts/tree/1.0.0"
            },
            "time": "2023-01-17T04:04:57+00:00"
        },
        {
            "name": "benlumia007/backdrop-template-helpers",
            "version": "1.0.0",
            "source": {
                "type": "git",
                "url": "https://github.com/benlumia007/backdrop-template-helpers.git",
                "reference": "1285b7d193fbadfa6ef9edc306d946361771e90c"
            },
            "dist": {
                "type": "zip",
                "url": "https://api.github.com/repos/benlumia007/backdrop-template-helpers/zipball/1285b7d193fbadfa6ef9edc306d946361771e90c",
                "reference": "1285b7d193fbadfa6ef9edc306d946361771e90c",
                "shasum": ""
            },
            "require": {
                "php": ">=7.4"
            },
            "type": "library",
            "autoload": {
                "files": [
                    "src/functions-helpers.php"
                ],
                "psr-4": {
                    "Backdrop\\Template\\Helpers\\": "src/"
                }
            },
            "notification-url": "https://packagist.org/downloads/",
            "license": [
                "GPL-2.0-or-later"
            ],
            "authors": [
                {
                    "name": "Benjamin Lu",
                    "email": "benlumia007@gmail.com",
                    "homepage": "https://benjlu.com",
                    "role": "Developer"
                }
            ],
            "description": "A core that helps you build amazing themes",
            "homepage": "https://github.com/benlumia007/backdrop-template-helpers",
            "keywords": [
                "wordpress"
            ],
            "support": {
                "issues": "https://github.com/benlumia007/backdrop-template-helpers/issues",
                "source": "https://github.com/benlumia007/backdrop-template-helpers/tree/1.0.0"
            },
            "time": "2023-01-04T22:22:19+00:00"
        },
        {
            "name": "benlumia007/backdrop-template-hierarchy",
            "version": "1.0.0",
            "source": {
                "type": "git",
                "url": "https://github.com/benlumia007/backdrop-template-hierarchy.git",
                "reference": "14c8fe316accdac30e4fd5712c485140332d0c9c"
            },
            "dist": {
                "type": "zip",
                "url": "https://api.github.com/repos/benlumia007/backdrop-template-hierarchy/zipball/14c8fe316accdac30e4fd5712c485140332d0c9c",
                "reference": "14c8fe316accdac30e4fd5712c485140332d0c9c",
                "shasum": ""
            },
            "require": {
                "benlumia007/backdrop": "^2.0",
                "benlumia007/backdrop-template-helpers": "^1.0",
                "php": ">=7.4"
            },
            "type": "library",
            "autoload": {
                "psr-4": {
                    "Backdrop\\Template\\Hierarchy\\": "src/"
                }
            },
            "notification-url": "https://packagist.org/downloads/",
            "license": [
                "GPL-2.0-or-later"
            ],
            "authors": [
                {
                    "name": "Benjamin Lu",
                    "email": "benlumia007@gmail.com",
                    "homepage": "https://benjlu.com",
                    "role": "Developer"
                }
            ],
            "description": "A core that helps you build amazing themes",
            "homepage": "https://github.com/benlumia007/backdrop-template-hierarchy",
            "keywords": [
                "wordpress"
            ],
            "support": {
                "issues": "https://github.com/benlumia007/backdrop-template-hierarchy/issues",
                "source": "https://github.com/benlumia007/backdrop-template-hierarchy/tree/1.0.0"
            },
            "time": "2023-01-17T04:10:20+00:00"
        },
        {
            "name": "benlumia007/backdrop-template-manager",
            "version": "1.0.0",
            "source": {
                "type": "git",
                "url": "https://github.com/benlumia007/backdrop-template-manager.git",
                "reference": "0ace28dd046443be5eff5164e90fe1a5c6e18090"
            },
            "dist": {
                "type": "zip",
                "url": "https://api.github.com/repos/benlumia007/backdrop-template-manager/zipball/0ace28dd046443be5eff5164e90fe1a5c6e18090",
                "reference": "0ace28dd046443be5eff5164e90fe1a5c6e18090",
                "shasum": ""
            },
            "require": {
                "benlumia007/backdrop": "^2.0",
                "benlumia007/backdrop-template-helpers": "^1.0",
                "benlumia007/backdrop-tools": "^1.0",
                "php": ">=7.4"
            },
            "type": "library",
            "autoload": {
                "psr-4": {
                    "Backdrop\\Template\\Manager\\": "src/"
                }
            },
            "notification-url": "https://packagist.org/downloads/",
            "license": [
                "GPL-2.0-or-later"
            ],
            "authors": [
                {
                    "name": "Benjamin Lu",
                    "email": "benlumia007@gmail.com",
                    "homepage": "https://benjlu.com",
                    "role": "Developer"
                }
            ],
            "description": "A core that helps you build amazing themes",
            "homepage": "https://github.com/benlumia007/backdrop-template-manager",
            "keywords": [
                "wordpress"
            ],
            "support": {
                "issues": "https://github.com/benlumia007/backdrop-template-manager/issues",
                "source": "https://github.com/benlumia007/backdrop-template-manager/tree/1.0.0"
            },
            "time": "2023-01-17T04:12:56+00:00"
        },
        {
            "name": "benlumia007/backdrop-template-view",
            "version": "1.0.0",
            "source": {
                "type": "git",
                "url": "https://github.com/benlumia007/backdrop-template-view.git",
                "reference": "a2658a8e76cfa7dd7952caa0f6a30faa50b1ccfc"
            },
            "dist": {
                "type": "zip",
                "url": "https://api.github.com/repos/benlumia007/backdrop-template-view/zipball/a2658a8e76cfa7dd7952caa0f6a30faa50b1ccfc",
                "reference": "a2658a8e76cfa7dd7952caa0f6a30faa50b1ccfc",
                "shasum": ""
            },
            "require": {
                "benlumia007/backdrop": "^2.0",
                "benlumia007/backdrop-template-helpers": "^1.0",
                "benlumia007/backdrop-tools": "^1.0",
                "php": ">=7.4"
            },
            "type": "library",
            "autoload": {
                "psr-4": {
                    "Backdrop\\Template\\View\\": "src/"
                }
            },
            "notification-url": "https://packagist.org/downloads/",
            "license": [
                "GPL-2.0-or-later"
            ],
            "authors": [
                {
                    "name": "Benjamin Lu",
                    "email": "benlumia007@gmail.com",
                    "homepage": "https://benjlu.com",
                    "role": "Developer"
                }
            ],
            "description": "A core that helps you build amazing themes",
            "homepage": "https://github.com/benlumia007/backdrop-template-view",
            "keywords": [
                "wordpress"
            ],
            "support": {
                "issues": "https://github.com/benlumia007/backdrop-template-view/issues",
                "source": "https://github.com/benlumia007/backdrop-template-view/tree/1.0.0"
            },
            "time": "2023-01-17T04:16:16+00:00"
        },
        {
            "name": "benlumia007/backdrop-theme",
            "version": "1.0.0",
            "source": {
                "type": "git",
                "url": "https://github.com/benlumia007/backdrop-theme.git",
                "reference": "9d00119caf9a54122ea56da877e3c5f643f8ff8b"
            },
            "dist": {
                "type": "zip",
                "url": "https://api.github.com/repos/benlumia007/backdrop-theme/zipball/9d00119caf9a54122ea56da877e3c5f643f8ff8b",
                "reference": "9d00119caf9a54122ea56da877e3c5f643f8ff8b",
                "shasum": ""
            },
            "require": {
                "benlumia007/backdrop": "^2.0",
                "php": ">=7.4"
            },
            "type": "library",
            "autoload": {
                "files": [
                    "src/Menu/functions-menu.php",
                    "src/Sidebar/functions-sidebar.php",
                    "src/functions-filters.php",
                    "src/functions-setup.php"
                ],
                "psr-4": {
                    "Backdrop\\Theme\\": "src/"
                }
            },
            "notification-url": "https://packagist.org/downloads/",
            "license": [
                "GPL-2.0-or-later"
            ],
            "authors": [
                {
                    "name": "Benjamin Lu",
                    "email": "benlumia007@gmail.com",
                    "homepage": "https://benjlu.com",
                    "role": "Developer"
                }
            ],
            "description": "A core that helps you build amazing themes",
            "homepage": "https://github.com/benlumia007/backdrop-theme",
            "keywords": [
                "wordpress"
            ],
            "support": {
                "issues": "https://github.com/benlumia007/backdrop-theme/issues",
                "source": "https://github.com/benlumia007/backdrop-theme/tree/1.0.0"
            },
            "time": "2023-01-17T04:18:23+00:00"
        },
        {
            "name": "benlumia007/backdrop-tools",
            "version": "1.0.0",
            "source": {
                "type": "git",
                "url": "https://github.com/benlumia007/backdrop-tools.git",
                "reference": "6d64d0c4c7d6587291917df79fd1db6d37f34ac1"
            },
            "dist": {
                "type": "zip",
                "url": "https://api.github.com/repos/benlumia007/backdrop-tools/zipball/6d64d0c4c7d6587291917df79fd1db6d37f34ac1",
                "reference": "6d64d0c4c7d6587291917df79fd1db6d37f34ac1",
                "shasum": ""
            },
            "require": {
                "php": ">=8.0"
            },
            "type": "library",
            "autoload": {
                "psr-4": {
                    "Backdrop\\Tools\\": "src/"
                }
            },
            "notification-url": "https://packagist.org/downloads/",
            "license": [
                "GPL-2.0-or-later"
            ],
            "authors": [
                {
                    "name": "Benjamin Lu",
                    "email": "benlumia007@gmail.com",
                    "homepage": "https://benjlu.com",
                    "role": "Developer"
                }
            ],
            "description": "A core that helps you build amazing themes",
            "homepage": "https://github.com/benlumia007/backdrop-tools",
            "keywords": [
                "wordpress"
            ],
            "support": {
                "issues": "https://github.com/benlumia007/backdrop-tools/issues",
                "source": "https://github.com/benlumia007/backdrop-tools/tree/1.0.0"
            },
            "time": "2023-01-12T06:39:24+00:00"
        }
    ],
    "packages-dev": [],
    "aliases": [],
    "minimum-stability": "stable",
    "stability-flags": [],
    "prefer-stable": false,
    "prefer-lowest": false,
    "platform": {
        "php": ">=7.4"
    },
    "platform-dev": [],
    "plugin-api-version": "2.3.0"
}
