{
    "_readme": [
        "This file locks the dependencies of your project to a known state",
        "Read more about it at https://getcomposer.org/doc/01-basic-usage.md#installing-dependencies",
        "This file is @generated automatically"
    ],
    "content-hash": "1e3460ae10a6c886622ffe4972cc96ef",
    "packages": [
        {
            "name": "benlumia007/backdrop",
            "version": "2.0.0",
            "source": {
                "type": "git",
                "url": "https://github.com/benlumia007/backdrop.git",
                "reference": "5d8dd440bed564baadcb40955cea8588c69bb155"
            },
            "dist": {
                "type": "zip",
                "url": "https://api.github.com/repos/benlumia007/backdrop/zipball/5d8dd440bed564baadcb40955cea8588c69bb155",
                "reference": "5d8dd440bed564baadcb40955cea8588c69bb155",
                "shasum": ""
            },
            "require": {
                "benlumia007/backdrop-contracts": "^1.0",
                "php": ">=8.0"
            },
            "type": "library",
            "autoload": {
                "files": [
                    "src/functions-helpers.php"
                ],
                "psr-4": {
                    "Backdrop\\": "src/"
                }
            },
            "notification-url": "https://packagist.org/downloads/",
            "license": [
                "GPL-2.0-or-later"
            ],
            "authors": [
                {
                    "name": "Benjamin Lu",
                    "email": "benlumia007@gmail.com",
                    "homepage": "https://benjlu.com",
                    "role": "Developer"
                }
            ],
            "description": "A core that helps you build amazing themes",
            "homepage": "https://github.com/benlumia007/backdrop",
            "keywords": [
                "wordpress"
            ],
            "support": {
                "issues": "https://github.com/benlumia007/backdrop/issues",
                "source": "https://github.com/benlumia007/backdrop/tree/2.0.0"
            },
            "time": "2023-01-17T05:51:00+00:00"
        },
        {
            "name": "benlumia007/backdrop-contracts",
            "version": "1.0.0",
            "source": {
                "type": "git",
                "url": "https://github.com/benlumia007/backdrop-contracts.git",
                "reference": "eac919d47c6380f7006d9d3f47a01d8d239626eb"
            },
            "dist": {
                "type": "zip",
                "url": "https://api.github.com/repos/benlumia007/backdrop-contracts/zipball/eac919d47c6380f7006d9d3f47a01d8d239626eb",
                "reference": "eac919d47c6380f7006d9d3f47a01d8d239626eb",
                "shasum": ""
            },
            "require": {
                "php": ">=7.4"
            },
            "type": "library",
            "autoload": {
                "psr-4": {
                    "Backdrop\\Contracts\\": "src"
                }
            },
            "notification-url": "https://packagist.org/downloads/",
            "license": [
                "GPL-2.0-or-later"
            ],
            "authors": [
                {
                    "name": "Benjamin Lu",
                    "email": "benlumia007@gmail.com",
                    "homepage": "https://benjlu.com",
                    "role": "Developer"
                }
            ],
            "description": "Backdrop Contracts for Backdrop framework.",
            "homepage": "https://github.com/benlumia007/backdrop-contracts",
            "keywords": [
                "classicpress",
                "wordpress"
            ],
            "support": {
                "issues": "https://github.com/benlumia007/backdrop-contracts/issues",
                "source": "https://github.com/benlumia007/backdrop-contracts/tree/1.0.0"
            },
            "time": "2023-01-05T06:42:52+00:00"
        },
        {
            "name": "benlumia007/backdrop-customize",
            "version": "1.0.0",
            "source": {
                "type": "git",
                "url": "https://github.com/benlumia007/backdrop-customize.git",
                "reference": "6b5a22b53a6172e446c62f001a786a8d4253c43d"
            },
            "dist": {
                "type": "zip",
                "url": "https://api.github.com/repos/benlumia007/backdrop-customize/zipball/6b5a22b53a6172e446c62f001a786a8d4253c43d",
                "reference": "6b5a22b53a6172e446c62f001a786a8d4253c43d",
                "shasum": ""
            },
            "require": {
                "benlumia007/backdrop": "^2.0",
                "php": ">=8.0"
            },
            "type": "library",
            "autoload": {
                "psr-4": {
                    "Benlumia007\\Backdrop\\Customize\\": "src/"
                }
            },
            "notification-url": "https://packagist.org/downloads/",
            "license": [
                "GPL-2.0-or-later"
            ],
            "authors": [
                {
                    "name": "Benjamin Lu",
                    "email": "benlumia007@gmail.com",
                    "homepage": "https://benjlu.com",
                    "role": "Developer"
                }
            ],
            "description": "A core that helps you build amazing themes",
            "homepage": "https://github.com/benlumia007/backdrop-customize",
            "keywords": [
                "wordpress"
            ],
            "support": {
                "issues": "https://github.com/benlumia007/backdrop-customize/issues",
                "source": "https://github.com/benlumia007/backdrop-customize/tree/1.0.0"
            },
            "time": "2023-01-17T06:03:23+00:00"
        },
        {
            "name": "benlumia007/backdrop-fontawesome",
            "version": "1.0.0",
            "source": {
                "type": "git",
                "url": "https://github.com/benlumia007/backdrop-fontawesome.git",
                "reference": "88b9a62ff332c6cd45b63757aa9187eed899fa21"
            },
            "dist": {
                "type": "zip",
                "url": "https://api.github.com/repos/benlumia007/backdrop-fontawesome/zipball/88b9a62ff332c6cd45b63757aa9187eed899fa21",
                "reference": "88b9a62ff332c6cd45b63757aa9187eed899fa21",
                "shasum": ""
            },
            "require": {
                "php": ">=8.0"
            },
            "type": "library",
            "autoload": {
                "psr-4": {
                    "Backdrop\\FontAwesome\\": "src/"
                }
            },
            "notification-url": "https://packagist.org/downloads/",
            "license": [
                "GPL-2.0-or-later"
            ],
            "authors": [
                {
                    "name": "Benjamin Lu",
                    "email": "benlumia007@gmail.com",
                    "homepage": "https://benjlu.com",
                    "role": "Developer"
                }
            ],
            "description": "A core that helps you build amazing themes",
            "homepage": "https://github.com/benlumia007/backdrop-fontawesome",
            "keywords": [
                "wordpress"
            ],
            "support": {
                "issues": "https://github.com/benlumia007/backdrop-fontawesome/issues",
                "source": "https://github.com/benlumia007/backdrop-fontawesome/tree/1.0.0"
            },
            "time": "2023-01-17T06:05:37+00:00"
        },
        {
            "name": "benlumia007/backdrop-fonts",
            "version": "1.0.0",
            "source": {
                "type": "git",
                "url": "https://github.com/benlumia007/backdrop-fonts.git",
                "reference": "c13f683240fbb42ed92579b905d46bef3f8f47eb"
            },
            "dist": {
                "type": "zip",
                "url": "https://api.github.com/repos/benlumia007/backdrop-fonts/zipball/c13f683240fbb42ed92579b905d46bef3f8f47eb",
                "reference": "c13f683240fbb42ed92579b905d46bef3f8f47eb",
                "shasum": ""
            },
            "require": {
                "benlumia007/backdrop": "^2.0",
                "php": ">=8.0"
            },
            "type": "library",
            "autoload": {
                "psr-4": {
                    "Backdrop\\Fonts\\": "src/"
                }
            },
            "notification-url": "https://packagist.org/downloads/",
            "license": [
                "GPL-2.0-or-later"
            ],
            "authors": [
                {
                    "name": "Benjamin Lu",
                    "email": "benlumia007@gmail.com",
                    "homepage": "https://benjlu.com",
                    "role": "Developer"
                }
            ],
            "description": "A core that helps you build amazing themes",
            "homepage": "https://github.com/benlumia007/backdrop-googlefonts",
            "keywords": [
                "wordpress"
            ],
            "support": {
                "issues": "https://github.com/benlumia007/backdrop-fonts/issues",
                "source": "https://github.com/benlumia007/backdrop-fonts/tree/1.0.0"
            },
            "time": "2023-01-17T06:07:51+00:00"
        },
        {
            "name": "benlumia007/backdrop-template-helpers",
            "version": "1.0.0",
            "source": {
                "type": "git",
                "url": "https://github.com/benlumia007/backdrop-template-helpers.git",
                "reference": "dd7930100fb80365d78fc1ced5830016525dc206"
            },
            "dist": {
                "type": "zip",
                "url": "https://api.github.com/repos/benlumia007/backdrop-template-helpers/zipball/dd7930100fb80365d78fc1ced5830016525dc206",
                "reference": "dd7930100fb80365d78fc1ced5830016525dc206",
                "shasum": ""
            },
            "require": {
                "php": ">=8.0"
            },
            "type": "library",
            "autoload": {
                "files": [
                    "src/functions-helpers.php"
                ],
                "psr-4": {
                    "Backdrop\\Template\\Helpers\\": "src/"
                }
            },
            "notification-url": "https://packagist.org/downloads/",
            "license": [
                "GPL-2.0-or-later"
            ],
            "authors": [
                {
                    "name": "Benjamin Lu",
                    "email": "benlumia007@gmail.com",
                    "homepage": "https://benjlu.com",
                    "role": "Developer"
                }
            ],
            "description": "A core that helps you build amazing themes",
            "homepage": "https://github.com/benlumia007/backdrop-template-helpers",
            "keywords": [
                "wordpress"
            ],
            "support": {
                "issues": "https://github.com/benlumia007/backdrop-template-helpers/issues",
                "source": "https://github.com/benlumia007/backdrop-template-helpers/tree/1.0.0"
            },
            "time": "2023-01-17T06:15:14+00:00"
        },
        {
            "name": "benlumia007/backdrop-template-hierarchy",
            "version": "1.0.0",
            "source": {
                "type": "git",
                "url": "https://github.com/benlumia007/backdrop-template-hierarchy.git",
                "reference": "7d2af10170536b514a3338a84b719f3231ea3615"
            },
            "dist": {
                "type": "zip",
                "url": "https://api.github.com/repos/benlumia007/backdrop-template-hierarchy/zipball/7d2af10170536b514a3338a84b719f3231ea3615",
                "reference": "7d2af10170536b514a3338a84b719f3231ea3615",
                "shasum": ""
            },
            "require": {
                "benlumia007/backdrop": "^2.0",
                "benlumia007/backdrop-template-helpers": "^1.0",
                "php": ">=8.0"
            },
            "type": "library",
            "autoload": {
                "psr-4": {
                    "Backdrop\\Template\\Hierarchy\\": "src/"
                }
            },
            "notification-url": "https://packagist.org/downloads/",
            "license": [
                "GPL-2.0-or-later"
            ],
            "authors": [
                {
                    "name": "Benjamin Lu",
                    "email": "benlumia007@gmail.com",
                    "homepage": "https://benjlu.com",
                    "role": "Developer"
                }
            ],
            "description": "A core that helps you build amazing themes",
            "homepage": "https://github.com/benlumia007/backdrop-template-hierarchy",
            "keywords": [
                "wordpress"
            ],
            "support": {
                "issues": "https://github.com/benlumia007/backdrop-template-hierarchy/issues",
                "source": "https://github.com/benlumia007/backdrop-template-hierarchy/tree/1.0.0"
            },
            "time": "2023-01-17T06:10:20+00:00"
        },
        {
            "name": "benlumia007/backdrop-template-manager",
            "version": "1.0.0",
            "source": {
                "type": "git",
                "url": "https://github.com/benlumia007/backdrop-template-manager.git",
                "reference": "353d49e295cb6a192922d883f33d532437afccd4"
            },
            "dist": {
                "type": "zip",
                "url": "https://api.github.com/repos/benlumia007/backdrop-template-manager/zipball/353d49e295cb6a192922d883f33d532437afccd4",
                "reference": "353d49e295cb6a192922d883f33d532437afccd4",
                "shasum": ""
            },
            "require": {
                "benlumia007/backdrop": "^2.0",
                "benlumia007/backdrop-template-helpers": "^1.0",
                "benlumia007/backdrop-tools": "^1.0",
                "php": ">=8.0"
            },
            "type": "library",
            "autoload": {
                "psr-4": {
                    "Backdrop\\Template\\Manager\\": "src/"
                }
            },
            "notification-url": "https://packagist.org/downloads/",
            "license": [
                "GPL-2.0-or-later"
            ],
            "authors": [
                {
                    "name": "Benjamin Lu",
                    "email": "benlumia007@gmail.com",
                    "homepage": "https://benjlu.com",
                    "role": "Developer"
                }
            ],
            "description": "A core that helps you build amazing themes",
            "homepage": "https://github.com/benlumia007/backdrop-template-manager",
            "keywords": [
                "wordpress"
            ],
            "support": {
                "issues": "https://github.com/benlumia007/backdrop-template-manager/issues",
                "source": "https://github.com/benlumia007/backdrop-template-manager/tree/1.0.0"
            },
            "time": "2023-01-17T06:11:24+00:00"
        },
        {
            "name": "benlumia007/backdrop-template-view",
            "version": "1.0.0",
            "source": {
                "type": "git",
                "url": "https://github.com/benlumia007/backdrop-template-view.git",
                "reference": "f1c3ae312367c75ae694bc8f20b43cf09717b163"
            },
            "dist": {
                "type": "zip",
                "url": "https://api.github.com/repos/benlumia007/backdrop-template-view/zipball/f1c3ae312367c75ae694bc8f20b43cf09717b163",
                "reference": "f1c3ae312367c75ae694bc8f20b43cf09717b163",
                "shasum": ""
            },
            "require": {
                "benlumia007/backdrop": "^2.0",
                "benlumia007/backdrop-template-helpers": "^1.0",
                "benlumia007/backdrop-tools": "^1.0",
                "php": ">=8.0"
            },
            "type": "library",
            "autoload": {
                "psr-4": {
                    "Backdrop\\Template\\View\\": "src/"
                }
            },
            "notification-url": "https://packagist.org/downloads/",
            "license": [
                "GPL-2.0-or-later"
            ],
            "authors": [
                {
                    "name": "Benjamin Lu",
                    "email": "benlumia007@gmail.com",
                    "homepage": "https://benjlu.com",
                    "role": "Developer"
                }
            ],
            "description": "A core that helps you build amazing themes",
            "homepage": "https://github.com/benlumia007/backdrop-template-view",
            "keywords": [
                "wordpress"
            ],
            "support": {
                "issues": "https://github.com/benlumia007/backdrop-template-view/issues",
                "source": "https://github.com/benlumia007/backdrop-template-view/tree/1.0.0"
            },
            "time": "2023-01-17T06:19:13+00:00"
        },
        {
            "name": "benlumia007/backdrop-theme",
            "version": "1.0.0",
            "source": {
                "type": "git",
                "url": "https://github.com/benlumia007/backdrop-theme.git",
                "reference": "9d00119caf9a54122ea56da877e3c5f643f8ff8b"
            },
            "dist": {
                "type": "zip",
                "url": "https://api.github.com/repos/benlumia007/backdrop-theme/zipball/9d00119caf9a54122ea56da877e3c5f643f8ff8b",
                "reference": "9d00119caf9a54122ea56da877e3c5f643f8ff8b",
                "shasum": ""
            },
            "require": {
                "benlumia007/backdrop": "^2.0",
                "php": ">=7.4"
            },
            "type": "library",
            "autoload": {
                "files": [
                    "src/Menu/functions-menu.php",
                    "src/Sidebar/functions-sidebar.php",
                    "src/functions-filters.php",
                    "src/functions-setup.php"
                ],
                "psr-4": {
                    "Backdrop\\Theme\\": "src/"
                }
            },
            "notification-url": "https://packagist.org/downloads/",
            "license": [
                "GPL-2.0-or-later"
            ],
            "authors": [
                {
                    "name": "Benjamin Lu",
                    "email": "benlumia007@gmail.com",
                    "homepage": "https://benjlu.com",
                    "role": "Developer"
                }
            ],
            "description": "A core that helps you build amazing themes",
            "homepage": "https://github.com/benlumia007/backdrop-theme",
            "keywords": [
                "wordpress"
            ],
            "support": {
                "issues": "https://github.com/benlumia007/backdrop-theme/issues",
                "source": "https://github.com/benlumia007/backdrop-theme/tree/1.0.0"
            },
            "time": "2023-01-17T04:18:23+00:00"
        },
        {
            "name": "benlumia007/backdrop-tools",
            "version": "1.0.0",
            "source": {
                "type": "git",
                "url": "https://github.com/benlumia007/backdrop-tools.git",
                "reference": "61b2bdd7d484d4f595d4e50e994c7da4f356aa5d"
            },
            "dist": {
                "type": "zip",
                "url": "https://api.github.com/repos/benlumia007/backdrop-tools/zipball/61b2bdd7d484d4f595d4e50e994c7da4f356aa5d",
                "reference": "61b2bdd7d484d4f595d4e50e994c7da4f356aa5d",
                "shasum": ""
            },
            "require": {
                "php": ">=8.0"
            },
            "type": "library",
            "autoload": {
                "psr-4": {
                    "Backdrop\\Tools\\": "src/"
                }
            },
            "notification-url": "https://packagist.org/downloads/",
            "license": [
                "GPL-2.0-or-later"
            ],
            "authors": [
                {
                    "name": "Benjamin Lu",
                    "email": "benlumia007@gmail.com",
                    "homepage": "https://benjlu.com",
                    "role": "Developer"
                }
            ],
            "description": "A core that helps you build amazing themes",
            "homepage": "https://github.com/benlumia007/backdrop-tools",
            "keywords": [
                "wordpress"
            ],
            "support": {
                "issues": "https://github.com/benlumia007/backdrop-tools/issues",
                "source": "https://github.com/benlumia007/backdrop-tools/tree/1.0.0"
            },
            "time": "2023-01-17T06:17:47+00:00"
        }
    ],
    "packages-dev": [],
    "aliases": [],
    "minimum-stability": "stable",
    "stability-flags": [],
    "prefer-stable": false,
    "prefer-lowest": false,
    "platform": {
        "php": ">=8.0"
    },
    "platform-dev": [],
    "plugin-api-version": "2.3.0"
}
